
Microsoft Visual Studio Solution File, Format Version 12.00
# Visual Studio 15
VisualStudioVersion = 15.0.27703.2018
MinimumVisualStudioVersion = 10.0.40219.1
Project("{FAE04EC0-301F-11D3-BF4B-00C04F79EFBC}") = "GraphEditor", "GraphEditor\GraphEditor.csproj", "{EA5F9E62-73B8-489C-933D-AAEC981DE6B5}"
EndProject
Global
	GlobalSection(SolutionConfigurationPlatforms) = preSolution
		Debug|Any CPU = Debug|Any CPU
		Release|Any CPU = Release|Any CPU
	EndGlobalSection
	GlobalSection(ProjectConfigurationPlatforms) = postSolution
		{EA5F9E62-73B8-489C-933D-AAEC981DE6B5}.Debug|Any CPU.ActiveCfg = Debug|Any CPU
		{EA5F9E62-73B8-489C-933D-AAEC981DE6B5}.Debug|Any CPU.Build.0 = Debug|Any CPU
		{EA5F9E62-73B8-489C-933D-AAEC981DE6B5}.Release|Any CPU.ActiveCfg = Release|Any CPU
		{EA5F9E62-73B8-489C-933D-AAEC981DE6B5}.Release|Any CPU.Build.0 = Release|Any CPU
	EndGlobalSection
	GlobalSection(SolutionProperties) = preSolution
		HideSolutionNode = FALSE
	EndGlobalSection
	GlobalSection(ExtensibilityGlobals) = postSolution
		SolutionGuid = {4D7A384F-D90D-44EF-BC2D-C8A0ABB65B61}
	EndGlobalSection
EndGlobal
